
Microsoft Visual Studio Solution File, Format Version 12.00
# Visual Studio Version 17
VisualStudioVersion = 17.0.31903.59
MinimumVisualStudioVersion = 10.0.40219.1
Project("{FAE04EC0-301F-11D3-BF4B-00C04F79EFBC}") = "day01", "day01\day01.csproj", "{51FCDB86-CD60-4C6C-AFD1-C14A2FB5D6E6}"
EndProject
Project("{FAE04EC0-301F-11D3-BF4B-00C04F79EFBC}") = "day02", "day02\day02.csproj", "{C4DB50FE-E115-484D-AB71-53471724EAC7}"
EndProject
Project("{FAE04EC0-301F-11D3-BF4B-00C04F79EFBC}") = "day02Inheritance", "day02Inheritance\day02Inheritance.csproj", "{C97B598F-B02D-41E9-ABBD-4A93CECAA620}"
EndProject
Project("{FAE04EC0-301F-11D3-BF4B-00C04F79EFBC}") = "day03", "day03\day03.csproj", "{86F8B4AE-2426-4C3A-ACC1-72EC3F3AEAD2}"
EndProject
Project("{FAE04EC0-301F-11D3-BF4B-00C04F79EFBC}") = "day03encasulaption", "day03encasulaption\day03encasulaption.csproj", "{AF8C2B4C-5DE6-4658-935E-62F4F002BF1C}"
EndProject
Project("{FAE04EC0-301F-11D3-BF4B-00C04F79EFBC}") = "day03polymorphism", "day03polymorphism\day03polymorphism.csproj", "{C95470E0-2E4C-431C-A4D3-F5A6C2366483}"
EndProject
Project("{FAE04EC0-301F-11D3-BF4B-00C04F79EFBC}") = "day04", "day04\day04.csproj", "{6B782D3E-A2AC-44B1-B226-0D93E397EB0D}"
EndProject
Project("{FAE04EC0-301F-11D3-BF4B-00C04F79EFBC}") = "day05", "day05\day05.csproj", "{03DE4469-76C6-475D-A5F7-C7A99A277A22}"
EndProject
Project("{FAE04EC0-301F-11D3-BF4B-00C04F79EFBC}") = "day06", "day06\day06.csproj", "{959401DA-BA2C-400A-9A42-361B84119E62}"
EndProject
Project("{FAE04EC0-301F-11D3-BF4B-00C04F79EFBC}") = "day07", "day07\day07.csproj", "{AEF52AF7-2E36-4358-A557-7C54BE9F7FF0}"
EndProject
Project("{FAE04EC0-301F-11D3-BF4B-00C04F79EFBC}") = "day08", "day08\day08.csproj", "{81F8FE46-79B4-4D16-8D04-85A68D962A93}"
EndProject
Project("{FAE04EC0-301F-11D3-BF4B-00C04F79EFBC}") = "day09", "day09\day09.csproj", "{F881215F-7CA5-4E71-974F-D60072054EA8}"
EndProject
Project("{FAE04EC0-301F-11D3-BF4B-00C04F79EFBC}") = "day10", "day10\day10.csproj", "{EBF7DCDB-C924-4E6E-9FA5-41858BDFF254}"
EndProject
Project("{FAE04EC0-301F-11D3-BF4B-00C04F79EFBC}") = "day11", "day11\day11.csproj", "{E4FC2B31-6B0B-47A7-B6B7-47DCDD940C86}"
EndProject
Project("{FAE04EC0-301F-11D3-BF4B-00C04F79EFBC}") = "dotMemory", "dotMemory\dotMemory.csproj", "{5021F1D0-F511-461E-865F-4866C6E95124}"
EndProject
Project("{FAE04EC0-301F-11D3-BF4B-00C04F79EFBC}") = "disposal", "disposal\disposal.csproj", "{FEEAE851-9B5B-436B-A37D-D008FDB949B0}"
EndProject
Project("{FAE04EC0-301F-11D3-BF4B-00C04F79EFBC}") = "day19", "day19\day19.csproj", "{BE384953-1A27-49BD-A776-A64AEBEB963D}"
EndProject
Project("{FAE04EC0-301F-11D3-BF4B-00C04F79EFBC}") = "day19-taskAsync", "day19-taskAsync\day19-taskAsync.csproj", "{EB68540A-95E0-4729-9C77-473772A50323}"
EndProject
Project("{FAE04EC0-301F-11D3-BF4B-00C04F79EFBC}") = "day17", "day17\day17.csproj", "{85BD9B8C-8417-4634-9BB1-69E60E059C95}"
EndProject
Global
	GlobalSection(SolutionConfigurationPlatforms) = preSolution
		Debug|Any CPU = Debug|Any CPU
		Release|Any CPU = Release|Any CPU
	EndGlobalSection
	GlobalSection(SolutionProperties) = preSolution
		HideSolutionNode = FALSE
	EndGlobalSection
	GlobalSection(ProjectConfigurationPlatforms) = postSolution
		{51FCDB86-CD60-4C6C-AFD1-C14A2FB5D6E6}.Debug|Any CPU.ActiveCfg = Debug|Any CPU
		{51FCDB86-CD60-4C6C-AFD1-C14A2FB5D6E6}.Debug|Any CPU.Build.0 = Debug|Any CPU
		{51FCDB86-CD60-4C6C-AFD1-C14A2FB5D6E6}.Release|Any CPU.ActiveCfg = Release|Any CPU
		{51FCDB86-CD60-4C6C-AFD1-C14A2FB5D6E6}.Release|Any CPU.Build.0 = Release|Any CPU
		{C4DB50FE-E115-484D-AB71-53471724EAC7}.Debug|Any CPU.ActiveCfg = Debug|Any CPU
		{C4DB50FE-E115-484D-AB71-53471724EAC7}.Debug|Any CPU.Build.0 = Debug|Any CPU
		{C4DB50FE-E115-484D-AB71-53471724EAC7}.Release|Any CPU.ActiveCfg = Release|Any CPU
		{C4DB50FE-E115-484D-AB71-53471724EAC7}.Release|Any CPU.Build.0 = Release|Any CPU
		{C97B598F-B02D-41E9-ABBD-4A93CECAA620}.Debug|Any CPU.ActiveCfg = Debug|Any CPU
		{C97B598F-B02D-41E9-ABBD-4A93CECAA620}.Debug|Any CPU.Build.0 = Debug|Any CPU
		{C97B598F-B02D-41E9-ABBD-4A93CECAA620}.Release|Any CPU.ActiveCfg = Release|Any CPU
		{C97B598F-B02D-41E9-ABBD-4A93CECAA620}.Release|Any CPU.Build.0 = Release|Any CPU
		{86F8B4AE-2426-4C3A-ACC1-72EC3F3AEAD2}.Debug|Any CPU.ActiveCfg = Debug|Any CPU
		{86F8B4AE-2426-4C3A-ACC1-72EC3F3AEAD2}.Debug|Any CPU.Build.0 = Debug|Any CPU
		{86F8B4AE-2426-4C3A-ACC1-72EC3F3AEAD2}.Release|Any CPU.ActiveCfg = Release|Any CPU
		{86F8B4AE-2426-4C3A-ACC1-72EC3F3AEAD2}.Release|Any CPU.Build.0 = Release|Any CPU
		{AF8C2B4C-5DE6-4658-935E-62F4F002BF1C}.Debug|Any CPU.ActiveCfg = Debug|Any CPU
		{AF8C2B4C-5DE6-4658-935E-62F4F002BF1C}.Debug|Any CPU.Build.0 = Debug|Any CPU
		{AF8C2B4C-5DE6-4658-935E-62F4F002BF1C}.Release|Any CPU.ActiveCfg = Release|Any CPU
		{AF8C2B4C-5DE6-4658-935E-62F4F002BF1C}.Release|Any CPU.Build.0 = Release|Any CPU
		{C95470E0-2E4C-431C-A4D3-F5A6C2366483}.Debug|Any CPU.ActiveCfg = Debug|Any CPU
		{C95470E0-2E4C-431C-A4D3-F5A6C2366483}.Debug|Any CPU.Build.0 = Debug|Any CPU
		{C95470E0-2E4C-431C-A4D3-F5A6C2366483}.Release|Any CPU.ActiveCfg = Release|Any CPU
		{C95470E0-2E4C-431C-A4D3-F5A6C2366483}.Release|Any CPU.Build.0 = Release|Any CPU
		{6B782D3E-A2AC-44B1-B226-0D93E397EB0D}.Debug|Any CPU.ActiveCfg = Debug|Any CPU
		{6B782D3E-A2AC-44B1-B226-0D93E397EB0D}.Debug|Any CPU.Build.0 = Debug|Any CPU
		{6B782D3E-A2AC-44B1-B226-0D93E397EB0D}.Release|Any CPU.ActiveCfg = Release|Any CPU
		{6B782D3E-A2AC-44B1-B226-0D93E397EB0D}.Release|Any CPU.Build.0 = Release|Any CPU
		{03DE4469-76C6-475D-A5F7-C7A99A277A22}.Debug|Any CPU.ActiveCfg = Debug|Any CPU
		{03DE4469-76C6-475D-A5F7-C7A99A277A22}.Debug|Any CPU.Build.0 = Debug|Any CPU
		{03DE4469-76C6-475D-A5F7-C7A99A277A22}.Release|Any CPU.ActiveCfg = Release|Any CPU
		{03DE4469-76C6-475D-A5F7-C7A99A277A22}.Release|Any CPU.Build.0 = Release|Any CPU
		{959401DA-BA2C-400A-9A42-361B84119E62}.Debug|Any CPU.ActiveCfg = Debug|Any CPU
		{959401DA-BA2C-400A-9A42-361B84119E62}.Debug|Any CPU.Build.0 = Debug|Any CPU
		{959401DA-BA2C-400A-9A42-361B84119E62}.Release|Any CPU.ActiveCfg = Release|Any CPU
		{959401DA-BA2C-400A-9A42-361B84119E62}.Release|Any CPU.Build.0 = Release|Any CPU
		{AEF52AF7-2E36-4358-A557-7C54BE9F7FF0}.Debug|Any CPU.ActiveCfg = Debug|Any CPU
		{AEF52AF7-2E36-4358-A557-7C54BE9F7FF0}.Debug|Any CPU.Build.0 = Debug|Any CPU
		{AEF52AF7-2E36-4358-A557-7C54BE9F7FF0}.Release|Any CPU.ActiveCfg = Release|Any CPU
		{AEF52AF7-2E36-4358-A557-7C54BE9F7FF0}.Release|Any CPU.Build.0 = Release|Any CPU
		{81F8FE46-79B4-4D16-8D04-85A68D962A93}.Debug|Any CPU.ActiveCfg = Debug|Any CPU
		{81F8FE46-79B4-4D16-8D04-85A68D962A93}.Debug|Any CPU.Build.0 = Debug|Any CPU
		{81F8FE46-79B4-4D16-8D04-85A68D962A93}.Release|Any CPU.ActiveCfg = Release|Any CPU
		{81F8FE46-79B4-4D16-8D04-85A68D962A93}.Release|Any CPU.Build.0 = Release|Any CPU
		{F881215F-7CA5-4E71-974F-D60072054EA8}.Debug|Any CPU.ActiveCfg = Debug|Any CPU
		{F881215F-7CA5-4E71-974F-D60072054EA8}.Debug|Any CPU.Build.0 = Debug|Any CPU
		{F881215F-7CA5-4E71-974F-D60072054EA8}.Release|Any CPU.ActiveCfg = Release|Any CPU
		{F881215F-7CA5-4E71-974F-D60072054EA8}.Release|Any CPU.Build.0 = Release|Any CPU
		{EBF7DCDB-C924-4E6E-9FA5-41858BDFF254}.Debug|Any CPU.ActiveCfg = Debug|Any CPU
		{EBF7DCDB-C924-4E6E-9FA5-41858BDFF254}.Debug|Any CPU.Build.0 = Debug|Any CPU
		{EBF7DCDB-C924-4E6E-9FA5-41858BDFF254}.Release|Any CPU.ActiveCfg = Release|Any CPU
		{EBF7DCDB-C924-4E6E-9FA5-41858BDFF254}.Release|Any CPU.Build.0 = Release|Any CPU
		{E4FC2B31-6B0B-47A7-B6B7-47DCDD940C86}.Debug|Any CPU.ActiveCfg = Debug|Any CPU
		{E4FC2B31-6B0B-47A7-B6B7-47DCDD940C86}.Debug|Any CPU.Build.0 = Debug|Any CPU
		{E4FC2B31-6B0B-47A7-B6B7-47DCDD940C86}.Release|Any CPU.ActiveCfg = Release|Any CPU
		{E4FC2B31-6B0B-47A7-B6B7-47DCDD940C86}.Release|Any CPU.Build.0 = Release|Any CPU
		{5021F1D0-F511-461E-865F-4866C6E95124}.Debug|Any CPU.ActiveCfg = Debug|Any CPU
		{5021F1D0-F511-461E-865F-4866C6E95124}.Debug|Any CPU.Build.0 = Debug|Any CPU
		{5021F1D0-F511-461E-865F-4866C6E95124}.Release|Any CPU.ActiveCfg = Release|Any CPU
		{5021F1D0-F511-461E-865F-4866C6E95124}.Release|Any CPU.Build.0 = Release|Any CPU
		{FEEAE851-9B5B-436B-A37D-D008FDB949B0}.Debug|Any CPU.ActiveCfg = Debug|Any CPU
		{FEEAE851-9B5B-436B-A37D-D008FDB949B0}.Debug|Any CPU.Build.0 = Debug|Any CPU
		{FEEAE851-9B5B-436B-A37D-D008FDB949B0}.Release|Any CPU.ActiveCfg = Release|Any CPU
		{FEEAE851-9B5B-436B-A37D-D008FDB949B0}.Release|Any CPU.Build.0 = Release|Any CPU
		{BE384953-1A27-49BD-A776-A64AEBEB963D}.Debug|Any CPU.ActiveCfg = Debug|Any CPU
		{BE384953-1A27-49BD-A776-A64AEBEB963D}.Debug|Any CPU.Build.0 = Debug|Any CPU
		{BE384953-1A27-49BD-A776-A64AEBEB963D}.Release|Any CPU.ActiveCfg = Release|Any CPU
		{BE384953-1A27-49BD-A776-A64AEBEB963D}.Release|Any CPU.Build.0 = Release|Any CPU
		{EB68540A-95E0-4729-9C77-473772A50323}.Debug|Any CPU.ActiveCfg = Debug|Any CPU
		{EB68540A-95E0-4729-9C77-473772A50323}.Debug|Any CPU.Build.0 = Debug|Any CPU
		{EB68540A-95E0-4729-9C77-473772A50323}.Release|Any CPU.ActiveCfg = Release|Any CPU
		{EB68540A-95E0-4729-9C77-473772A50323}.Release|Any CPU.Build.0 = Release|Any CPU
		{85BD9B8C-8417-4634-9BB1-69E60E059C95}.Debug|Any CPU.ActiveCfg = Debug|Any CPU
		{85BD9B8C-8417-4634-9BB1-69E60E059C95}.Debug|Any CPU.Build.0 = Debug|Any CPU
		{85BD9B8C-8417-4634-9BB1-69E60E059C95}.Release|Any CPU.ActiveCfg = Release|Any CPU
		{85BD9B8C-8417-4634-9BB1-69E60E059C95}.Release|Any CPU.Build.0 = Release|Any CPU
	EndGlobalSection
EndGlobal
