
Microsoft Visual Studio Solution File, Format Version 12.00
# Visual Studio Version 17
VisualStudioVersion = 17.0.31903.59
MinimumVisualStudioVersion = 10.0.40219.1
Project("{FAE04EC0-301F-11D3-BF4B-00C04F79EFBC}") = "day01", "day01\day01.csproj", "{51FCDB86-CD60-4C6C-AFD1-C14A2FB5D6E6}"
EndProject
Project("{FAE04EC0-301F-11D3-BF4B-00C04F79EFBC}") = "day02", "day02\day02.csproj", "{C4DB50FE-E115-484D-AB71-53471724EAC7}"
EndProject
Project("{FAE04EC0-301F-11D3-BF4B-00C04F79EFBC}") = "day02Inheritance", "day02Inheritance\day02Inheritance.csproj", "{C97B598F-B02D-41E9-ABBD-4A93CECAA620}"
EndProject
Project("{FAE04EC0-301F-11D3-BF4B-00C04F79EFBC}") = "day03", "day03\day03.csproj", "{86F8B4AE-2426-4C3A-ACC1-72EC3F3AEAD2}"
EndProject
Project("{FAE04EC0-301F-11D3-BF4B-00C04F79EFBC}") = "day03encasulaption", "day03encasulaption\day03encasulaption.csproj", "{AF8C2B4C-5DE6-4658-935E-62F4F002BF1C}"
EndProject
Project("{FAE04EC0-301F-11D3-BF4B-00C04F79EFBC}") = "day03polymorphism", "day03polymorphism\day03polymorphism.csproj", "{C95470E0-2E4C-431C-A4D3-F5A6C2366483}"
EndProject
Project("{FAE04EC0-301F-11D3-BF4B-00C04F79EFBC}") = "day04", "day04\day04.csproj", "{6B782D3E-A2AC-44B1-B226-0D93E397EB0D}"
EndProject
Project("{FAE04EC0-301F-11D3-BF4B-00C04F79EFBC}") = "day05", "day05\day05.csproj", "{03DE4469-76C6-475D-A5F7-C7A99A277A22}"
EndProject
Project("{FAE04EC0-301F-11D3-BF4B-00C04F79EFBC}") = "day06", "day06\day06.csproj", "{959401DA-BA2C-400A-9A42-361B84119E62}"
EndProject
Global
	GlobalSection(SolutionConfigurationPlatforms) = preSolution
		Debug|Any CPU = Debug|Any CPU
		Release|Any CPU = Release|Any CPU
	EndGlobalSection
	GlobalSection(SolutionProperties) = preSolution
		HideSolutionNode = FALSE
	EndGlobalSection
	GlobalSection(ProjectConfigurationPlatforms) = postSolution
		{51FCDB86-CD60-4C6C-AFD1-C14A2FB5D6E6}.Debug|Any CPU.ActiveCfg = Debug|Any CPU
		{51FCDB86-CD60-4C6C-AFD1-C14A2FB5D6E6}.Debug|Any CPU.Build.0 = Debug|Any CPU
		{51FCDB86-CD60-4C6C-AFD1-C14A2FB5D6E6}.Release|Any CPU.ActiveCfg = Release|Any CPU
		{51FCDB86-CD60-4C6C-AFD1-C14A2FB5D6E6}.Release|Any CPU.Build.0 = Release|Any CPU
		{C4DB50FE-E115-484D-AB71-53471724EAC7}.Debug|Any CPU.ActiveCfg = Debug|Any CPU
		{C4DB50FE-E115-484D-AB71-53471724EAC7}.Debug|Any CPU.Build.0 = Debug|Any CPU
		{C4DB50FE-E115-484D-AB71-53471724EAC7}.Release|Any CPU.ActiveCfg = Release|Any CPU
		{C4DB50FE-E115-484D-AB71-53471724EAC7}.Release|Any CPU.Build.0 = Release|Any CPU
		{C97B598F-B02D-41E9-ABBD-4A93CECAA620}.Debug|Any CPU.ActiveCfg = Debug|Any CPU
		{C97B598F-B02D-41E9-ABBD-4A93CECAA620}.Debug|Any CPU.Build.0 = Debug|Any CPU
		{C97B598F-B02D-41E9-ABBD-4A93CECAA620}.Release|Any CPU.ActiveCfg = Release|Any CPU
		{C97B598F-B02D-41E9-ABBD-4A93CECAA620}.Release|Any CPU.Build.0 = Release|Any CPU
		{86F8B4AE-2426-4C3A-ACC1-72EC3F3AEAD2}.Debug|Any CPU.ActiveCfg = Debug|Any CPU
		{86F8B4AE-2426-4C3A-ACC1-72EC3F3AEAD2}.Debug|Any CPU.Build.0 = Debug|Any CPU
		{86F8B4AE-2426-4C3A-ACC1-72EC3F3AEAD2}.Release|Any CPU.ActiveCfg = Release|Any CPU
		{86F8B4AE-2426-4C3A-ACC1-72EC3F3AEAD2}.Release|Any CPU.Build.0 = Release|Any CPU
		{AF8C2B4C-5DE6-4658-935E-62F4F002BF1C}.Debug|Any CPU.ActiveCfg = Debug|Any CPU
		{AF8C2B4C-5DE6-4658-935E-62F4F002BF1C}.Debug|Any CPU.Build.0 = Debug|Any CPU
		{AF8C2B4C-5DE6-4658-935E-62F4F002BF1C}.Release|Any CPU.ActiveCfg = Release|Any CPU
		{AF8C2B4C-5DE6-4658-935E-62F4F002BF1C}.Release|Any CPU.Build.0 = Release|Any CPU
		{C95470E0-2E4C-431C-A4D3-F5A6C2366483}.Debug|Any CPU.ActiveCfg = Debug|Any CPU
		{C95470E0-2E4C-431C-A4D3-F5A6C2366483}.Debug|Any CPU.Build.0 = Debug|Any CPU
		{C95470E0-2E4C-431C-A4D3-F5A6C2366483}.Release|Any CPU.ActiveCfg = Release|Any CPU
		{C95470E0-2E4C-431C-A4D3-F5A6C2366483}.Release|Any CPU.Build.0 = Release|Any CPU
		{6B782D3E-A2AC-44B1-B226-0D93E397EB0D}.Debug|Any CPU.ActiveCfg = Debug|Any CPU
		{6B782D3E-A2AC-44B1-B226-0D93E397EB0D}.Debug|Any CPU.Build.0 = Debug|Any CPU
		{6B782D3E-A2AC-44B1-B226-0D93E397EB0D}.Release|Any CPU.ActiveCfg = Release|Any CPU
		{6B782D3E-A2AC-44B1-B226-0D93E397EB0D}.Release|Any CPU.Build.0 = Release|Any CPU
		{03DE4469-76C6-475D-A5F7-C7A99A277A22}.Debug|Any CPU.ActiveCfg = Debug|Any CPU
		{03DE4469-76C6-475D-A5F7-C7A99A277A22}.Debug|Any CPU.Build.0 = Debug|Any CPU
		{03DE4469-76C6-475D-A5F7-C7A99A277A22}.Release|Any CPU.ActiveCfg = Release|Any CPU
		{03DE4469-76C6-475D-A5F7-C7A99A277A22}.Release|Any CPU.Build.0 = Release|Any CPU
		{959401DA-BA2C-400A-9A42-361B84119E62}.Debug|Any CPU.ActiveCfg = Debug|Any CPU
		{959401DA-BA2C-400A-9A42-361B84119E62}.Debug|Any CPU.Build.0 = Debug|Any CPU
		{959401DA-BA2C-400A-9A42-361B84119E62}.Release|Any CPU.ActiveCfg = Release|Any CPU
		{959401DA-BA2C-400A-9A42-361B84119E62}.Release|Any CPU.Build.0 = Release|Any CPU
	EndGlobalSection
EndGlobal
